
Microsoft Visual Studio Solution File, Format Version 12.00
# Visual Studio Version 16
VisualStudioVersion = 16.0.29709.97
MinimumVisualStudioVersion = 10.0.40219.1
Project("{FAE04EC0-301F-11D3-BF4B-00C04F79EFBC}") = "MyTests", "UnitTestProject2\MyTests.csproj", "{0C3DBBD4-E19F-46E4-B47F-0E14AE61D16D}"
EndProject
Global
	GlobalSection(SolutionConfigurationPlatforms) = preSolution
		Debug|Any CPU = Debug|Any CPU
		Release|Any CPU = Release|Any CPU
	EndGlobalSection
	GlobalSection(ProjectConfigurationPlatforms) = postSolution
		{0C3DBBD4-E19F-46E4-B47F-0E14AE61D16D}.Debug|Any CPU.ActiveCfg = Debug|Any CPU
		{0C3DBBD4-E19F-46E4-B47F-0E14AE61D16D}.Debug|Any CPU.Build.0 = Debug|Any CPU
		{0C3DBBD4-E19F-46E4-B47F-0E14AE61D16D}.Release|Any CPU.ActiveCfg = Release|Any CPU
		{0C3DBBD4-E19F-46E4-B47F-0E14AE61D16D}.Release|Any CPU.Build.0 = Release|Any CPU
	EndGlobalSection
	GlobalSection(SolutionProperties) = preSolution
		HideSolutionNode = FALSE
	EndGlobalSection
	GlobalSection(ExtensibilityGlobals) = postSolution
		SolutionGuid = {6B045D64-C250-4731-9ADD-3BC84F52A64F}
	EndGlobalSection
EndGlobal
